
Microsoft Visual Studio Solution File, Format Version 12.00
# Visual Studio Express 2012 for Web
Project("{FAE04EC0-301F-11D3-BF4B-00C04F79EFBC}") = "iBank_Investor", "iBank_Investor\iBank_Investor.csproj", "{0DD97D45-825D-480E-B127-62F97536EBD9}"
EndProject
Project("{FAE04EC0-301F-11D3-BF4B-00C04F79EFBC}") = "iBank_Investor.Test", "iBank_Investor.Test\iBank_Investor.Test.csproj", "{290A69F2-55FD-4D57-A174-191504ACDA3A}"
EndProject
Global
	GlobalSection(SolutionConfigurationPlatforms) = preSolution
		Debug|Any CPU = Debug|Any CPU
		Release|Any CPU = Release|Any CPU
	EndGlobalSection
	GlobalSection(ProjectConfigurationPlatforms) = postSolution
		{0DD97D45-825D-480E-B127-62F97536EBD9}.Debug|Any CPU.ActiveCfg = Debug|Any CPU
		{0DD97D45-825D-480E-B127-62F97536EBD9}.Debug|Any CPU.Build.0 = Debug|Any CPU
		{0DD97D45-825D-480E-B127-62F97536EBD9}.Release|Any CPU.ActiveCfg = Release|Any CPU
		{0DD97D45-825D-480E-B127-62F97536EBD9}.Release|Any CPU.Build.0 = Release|Any CPU
		{290A69F2-55FD-4D57-A174-191504ACDA3A}.Debug|Any CPU.ActiveCfg = Debug|Any CPU
		{290A69F2-55FD-4D57-A174-191504ACDA3A}.Debug|Any CPU.Build.0 = Debug|Any CPU
		{290A69F2-55FD-4D57-A174-191504ACDA3A}.Release|Any CPU.ActiveCfg = Release|Any CPU
		{290A69F2-55FD-4D57-A174-191504ACDA3A}.Release|Any CPU.Build.0 = Release|Any CPU
	EndGlobalSection
	GlobalSection(SolutionProperties) = preSolution
		HideSolutionNode = FALSE
	EndGlobalSection
EndGlobal
